<?xml version="1.0" encoding="utf-8"?>
<Project ToolsVersion="4.0" xmlns="http://schemas.microsoft.com/developer/msbuild/2003">
   <ItemGroup>
      <Filter Include="Source Files">
         <UniqueIdentifier>{8bfeb75a-81ff-4fa5-b3c7-2affcc5e4dda}</UniqueIdentifier>
         <Extensions>cpp;c;cxx;rc;def;r;odl;idl;hpj;bat;cc</Extensions>
      </Filter>
      <Filter Include="Source Files\source">
         <UniqueIdentifier>{c3c1d783-0c94-411b-998b-5c103aae44b8}</UniqueIdentifier>
      </Filter>
   </ItemGroup>
  <ItemGroup>
    <ResourceCompile Include="Torque.rc">
      <Filter>Source Files</Filter>
    </ResourceCompile>
  </ItemGroup>
   <ItemGroup>
      <ClCompile Include="C:\Torque 3.8\Engine\source\main\main.cpp">
         <Filter>Source Files\source</Filter>
      </ClCompile>
   </ItemGroup>
   <ItemGroup>
   </ItemGroup>
   <ItemGroup>
   </ItemGroup>
</Project>